// !$*UTF8*$!
{
	archiveVersion = 1;
	classes = {
	};
	objectVersion = 46;
	objects = {

/* Begin PBXBuildFile section */
		BC320D7C1BB66FEE0075E04A /* main.m in Sources */ = {isa = PBXBuildFile; fileRef = BC320D7B1BB66FEE0075E04A /* main.m */; };
		BC320D7F1BB66FEE0075E04A /* AppDelegate.m in Sources */ = {isa = PBXBuildFile; fileRef = BC320D7E1BB66FEE0075E04A /* AppDelegate.m */; };
		BC320D851BB66FEE0075E04A /* Main.storyboard in Resources */ = {isa = PBXBuildFile; fileRef = BC320D831BB66FEE0075E04A /* Main.storyboard */; };
		BC320D871BB66FEE0075E04A /* Images.xcassets in Resources */ = {isa = PBXBuildFile; fileRef = BC320D861BB66FEE0075E04A /* Images.xcassets */; };
		BC320D8A1BB66FEE0075E04A /* LaunchScreen.xib in Resources */ = {isa = PBXBuildFile; fileRef = BC320D881BB66FEE0075E04A /* LaunchScreen.xib */; };
		BC320D961BB66FEE0075E04A /* __Tests.m in Sources */ = {isa = PBXBuildFile; fileRef = BC320D951BB66FEE0075E04A /* __Tests.m */; };
		BC320DA41BB671100075E04A /* CLMainController.m in Sources */ = {isa = PBXBuildFile; fileRef = BC320DA31BB671100075E04A /* CLMainController.m */; };
		BC320DA71BB671810075E04A /* CLRefreshView.m in Sources */ = {isa = PBXBuildFile; fileRef = BC320DA61BB671810075E04A /* CLRefreshView.m */; };
		BC320DAB1BB6727D0075E04A /* CLRefreshView.xib in Resources */ = {isa = PBXBuildFile; fileRef = BC320DAA1BB6727D0075E04A /* CLRefreshView.xib */; };
		BC320DAE1BB6781D0075E04A /* CLRefersh.m in Sources */ = {isa = PBXBuildFile; fileRef = BC320DAD1BB6781D0075E04A /* CLRefersh.m */; };
/* End PBXBuildFile section */

/* Begin PBXContainerItemProxy section */
		BC320D901BB66FEE0075E04A /* PBXContainerItemProxy */ = {
			isa = PBXContainerItemProxy;
			containerPortal = BC320D6E1BB66FEE0075E04A /* Project object */;
			proxyType = 1;
			remoteGlobalIDString = BC320D751BB66FEE0075E04A;
			remoteInfo = "刷新";
		};
/* End PBXContainerItemProxy section */

/* Begin PBXFileReference section */
		BC320D761BB66FEE0075E04A /* 刷新.app */ = {isa = PBXFileReference; explicitFileType = wrapper.application; includeInIndex = 0; path = "刷新.app"; sourceTree = BUILT_PRODUCTS_DIR; };
		BC320D7A1BB66FEE0075E04A /* Info.plist */ = {isa = PBXFileReference; lastKnownFileType = text.plist.xml; path = Info.plist; sourceTree = "<group>"; };
		BC320D7B1BB66FEE0075E04A /* main.m */ = {isa = PBXFileReference; lastKnownFileType = sourcecode.c.objc; path = main.m; sourceTree = "<group>"; };
		BC320D7D1BB66FEE0075E04A /* AppDelegate.h */ = {isa = PBXFileReference; lastKnownFileType = sourcecode.c.h; path = AppDelegate.h; sourceTree = "<group>"; };
		BC320D7E1BB66FEE0075E04A /* AppDelegate.m */ = {isa = PBXFileReference; lastKnownFileType = sourcecode.c.objc; path = AppDelegate.m; sourceTree = "<group>"; };
		BC320D841BB66FEE0075E04A /* Base */ = {isa = PBXFileReference; lastKnownFileType = file.storyboard; name = Base; path = Base.lproj/Main.storyboard; sourceTree = "<group>"; };
		BC320D861BB66FEE0075E04A /* Images.xcassets */ = {isa = PBXFileReference; lastKnownFileType = folder.assetcatalog; path = Images.xcassets; sourceTree = "<group>"; };
		BC320D891BB66FEE0075E04A /* Base */ = {isa = PBXFileReference; lastKnownFileType = file.xib; name = Base; path = Base.lproj/LaunchScreen.xib; sourceTree = "<group>"; };
		BC320D8F1BB66FEE0075E04A /* 刷新Tests.xctest */ = {isa = PBXFileReference; explicitFileType = wrapper.cfbundle; includeInIndex = 0; path = "刷新Tests.xctest"; sourceTree = BUILT_PRODUCTS_DIR; };
		BC320D941BB66FEE0075E04A /* Info.plist */ = {isa = PBXFileReference; lastKnownFileType = text.plist.xml; path = Info.plist; sourceTree = "<group>"; };
		BC320D951BB66FEE0075E04A /* __Tests.m */ = {isa = PBXFileReference; lastKnownFileType = sourcecode.c.objc; path = __Tests.m; sourceTree = "<group>"; };
		BC320DA21BB671100075E04A /* CLMainController.h */ = {isa = PBXFileReference; fileEncoding = 4; lastKnownFileType = sourcecode.c.h; path = CLMainController.h; sourceTree = "<group>"; };
		BC320DA31BB671100075E04A /* CLMainController.m */ = {isa = PBXFileReference; fileEncoding = 4; lastKnownFileType = sourcecode.c.objc; path = CLMainController.m; sourceTree = "<group>"; };
		BC320DA51BB671810075E04A /* CLRefreshView.h */ = {isa = PBXFileReference; fileEncoding = 4; lastKnownFileType = sourcecode.c.h; path = CLRefreshView.h; sourceTree = "<group>"; };
		BC320DA61BB671810075E04A /* CLRefreshView.m */ = {isa = PBXFileReference; fileEncoding = 4; lastKnownFileType = sourcecode.c.objc; path = CLRefreshView.m; sourceTree = "<group>"; };
		BC320DAA1BB6727D0075E04A /* CLRefreshView.xib */ = {isa = PBXFileReference; fileEncoding = 4; lastKnownFileType = file.xib; path = CLRefreshView.xib; sourceTree = "<group>"; };
		BC320DAC1BB6781D0075E04A /* CLRefersh.h */ = {isa = PBXFileReference; fileEncoding = 4; lastKnownFileType = sourcecode.c.h; path = CLRefersh.h; sourceTree = "<group>"; };
		BC320DAD1BB6781D0075E04A /* CLRefersh.m */ = {isa = PBXFileReference; fileEncoding = 4; lastKnownFileType = sourcecode.c.objc; path = CLRefersh.m; sourceTree = "<group>"; };
/* End PBXFileReference section */

/* Begin PBXFrameworksBuildPhase section */
		BC320D731BB66FEE0075E04A /* Frameworks */ = {
			isa = PBXFrameworksBuildPhase;
			buildActionMask = 2147483647;
			files = (
			);
			runOnlyForDeploymentPostprocessing = 0;
		};
		BC320D8C1BB66FEE0075E04A /* Frameworks */ = {
			isa = PBXFrameworksBuildPhase;
			buildActionMask = 2147483647;
			files = (
			);
			runOnlyForDeploymentPostprocessing = 0;
		};
/* End PBXFrameworksBuildPhase section */

/* Begin PBXGroup section */
		BC0461421BB8DEF4000A7B71 /* refersh */ = {
			isa = PBXGroup;
			children = (
				BC320DAC1BB6781D0075E04A /* CLRefersh.h */,
				BC320DAD1BB6781D0075E04A /* CLRefersh.m */,
			);
			name = refersh;
			sourceTree = "<group>";
		};
		BC320D6D1BB66FEE0075E04A = {
			isa = PBXGroup;
			children = (
				BC320D781BB66FEE0075E04A /* 刷新 */,
				BC320D921BB66FEE0075E04A /* 刷新Tests */,
				BC320D771BB66FEE0075E04A /* Products */,
			);
			sourceTree = "<group>";
		};
		BC320D771BB66FEE0075E04A /* Products */ = {
			isa = PBXGroup;
			children = (
				BC320D761BB66FEE0075E04A /* 刷新.app */,
				BC320D8F1BB66FEE0075E04A /* 刷新Tests.xctest */,
			);
			name = Products;
			sourceTree = "<group>";
		};
		BC320D781BB66FEE0075E04A /* 刷新 */ = {
			isa = PBXGroup;
			children = (
				BC0461421BB8DEF4000A7B71 /* refersh */,
				BC320DA11BB670E50075E04A /* controller */,
				BC320DA01BB670E00075E04A /* model */,
				BC320D9F1BB670DB0075E04A /* view */,
				BC320D7D1BB66FEE0075E04A /* AppDelegate.h */,
				BC320D7E1BB66FEE0075E04A /* AppDelegate.m */,
				BC320D831BB66FEE0075E04A /* Main.storyboard */,
				BC320D861BB66FEE0075E04A /* Images.xcassets */,
				BC320D881BB66FEE0075E04A /* LaunchScreen.xib */,
				BC320D791BB66FEE0075E04A /* Supporting Files */,
			);
			path = "刷新";
			sourceTree = "<group>";
		};
		BC320D791BB66FEE0075E04A /* Supporting Files */ = {
			isa = PBXGroup;
			children = (
				BC320D7A1BB66FEE0075E04A /* Info.plist */,
				BC320D7B1BB66FEE0075E04A /* main.m */,
			);
			name = "Supporting Files";
			sourceTree = "<group>";
		};
		BC320D921BB66FEE0075E04A /* 刷新Tests */ = {
			isa = PBXGroup;
			children = (
				BC320D951BB66FEE0075E04A /* __Tests.m */,
				BC320D931BB66FEE0075E04A /* Supporting Files */,
			);
			path = "刷新Tests";
			sourceTree = "<group>";
		};
		BC320D931BB66FEE0075E04A /* Supporting Files */ = {
			isa = PBXGroup;
			children = (
				BC320D941BB66FEE0075E04A /* Info.plist */,
			);
			name = "Supporting Files";
			sourceTree = "<group>";
		};
		BC320D9F1BB670DB0075E04A /* view */ = {
			isa = PBXGroup;
			children = (
				BC320DA51BB671810075E04A /* CLRefreshView.h */,
				BC320DA61BB671810075E04A /* CLRefreshView.m */,
				BC320DAA1BB6727D0075E04A /* CLRefreshView.xib */,
			);
			name = view;
			sourceTree = "<group>";
		};
		BC320DA01BB670E00075E04A /* model */ = {
			isa = PBXGroup;
			children = (
			);
			name = model;
			sourceTree = "<group>";
		};
		BC320DA11BB670E50075E04A /* controller */ = {
			isa = PBXGroup;
			children = (
				BC320DA21BB671100075E04A /* CLMainController.h */,
				BC320DA31BB671100075E04A /* CLMainController.m */,
			);
			name = controller;
			sourceTree = "<group>";
		};
/* End PBXGroup section */

/* Begin PBXNativeTarget section */
		BC320D751BB66FEE0075E04A /* 刷新 */ = {
			isa = PBXNativeTarget;
			buildConfigurationList = BC320D991BB66FEE0075E04A /* Build configuration list for PBXNativeTarget "刷新" */;
			buildPhases = (
				BC320D721BB66FEE0075E04A /* Sources */,
				BC320D731BB66FEE0075E04A /* Frameworks */,
				BC320D741BB66FEE0075E04A /* Resources */,
			);
			buildRules = (
			);
			dependencies = (
			);
			name = "刷新";
			productName = "刷新";
			productReference = BC320D761BB66FEE0075E04A /* 刷新.app */;
			productType = "com.apple.product-type.application";
		};
		BC320D8E1BB66FEE0075E04A /* 刷新Tests */ = {
			isa = PBXNativeTarget;
			buildConfigurationList = BC320D9C1BB66FEE0075E04A /* Build configuration list for PBXNativeTarget "刷新Tests" */;
			buildPhases = (
				BC320D8B1BB66FEE0075E04A /* Sources */,
				BC320D8C1BB66FEE0075E04A /* Frameworks */,
				BC320D8D1BB66FEE0075E04A /* Resources */,
			);
			buildRules = (
			);
			dependencies = (
				BC320D911BB66FEE0075E04A /* PBXTargetDependency */,
			);
			name = "刷新Tests";
			productName = "刷新Tests";
			productReference = BC320D8F1BB66FEE0075E04A /* 刷新Tests.xctest */;
			productType = "com.apple.product-type.bundle.unit-test";
		};
/* End PBXNativeTarget section */

/* Begin PBXProject section */
		BC320D6E1BB66FEE0075E04A /* Project object */ = {
			isa = PBXProject;
			attributes = {
				CLASSPREFIX = CL;
				LastUpgradeCheck = 0640;
				ORGANIZATIONNAME = "丛蕾";
				TargetAttributes = {
					BC320D751BB66FEE0075E04A = {
						CreatedOnToolsVersion = 6.4;
					};
					BC320D8E1BB66FEE0075E04A = {
						CreatedOnToolsVersion = 6.4;
						TestTargetID = BC320D751BB66FEE0075E04A;
					};
				};
			};
			buildConfigurationList = BC320D711BB66FEE0075E04A /* Build configuration list for PBXProject "刷新" */;
			compatibilityVersion = "Xcode 3.2";
			developmentRegion = English;
			hasScannedForEncodings = 0;
			knownRegions = (
				en,
				Base,
			);
			mainGroup = BC320D6D1BB66FEE0075E04A;
			productRefGroup = BC320D771BB66FEE0075E04A /* Products */;
			projectDirPath = "";
			projectRoot = "";
			targets = (
				BC320D751BB66FEE0075E04A /* 刷新 */,
				BC320D8E1BB66FEE0075E04A /* 刷新Tests */,
			);
		};
/* End PBXProject section */

/* Begin PBXResourcesBuildPhase section */
		BC320D741BB66FEE0075E04A /* Resources */ = {
			isa = PBXResourcesBuildPhase;
			buildActionMask = 2147483647;
			files = (
				BC320D851BB66FEE0075E04A /* Main.storyboard in Resources */,
				BC320D8A1BB66FEE0075E04A /* LaunchScreen.xib in Resources */,
				BC320D871BB66FEE0075E04A /* Images.xcassets in Resources */,
				BC320DAB1BB6727D0075E04A /* CLRefreshView.xib in Resources */,
			);
			runOnlyForDeploymentPostprocessing = 0;
		};
		BC320D8D1BB66FEE0075E04A /* Resources */ = {
			isa = PBXResourcesBuildPhase;
			buildActionMask = 2147483647;
			files = (
			);
			runOnlyForDeploymentPostprocessing = 0;
		};
/* End PBXResourcesBuildPhase section */

/* Begin PBXSourcesBuildPhase section */
		BC320D721BB66FEE0075E04A /* Sources */ = {
			isa = PBXSourcesBuildPhase;
			buildActionMask = 2147483647;
			files = (
				BC320DAE1BB6781D0075E04A /* CLRefersh.m in Sources */,
				BC320DA41BB671100075E04A /* CLMainController.m in Sources */,
				BC320D7F1BB66FEE0075E04A /* AppDelegate.m in Sources */,
				BC320D7C1BB66FEE0075E04A /* main.m in Sources */,
				BC320DA71BB671810075E04A /* CLRefreshView.m in Sources */,
			);
			runOnlyForDeploymentPostprocessing = 0;
		};
		BC320D8B1BB66FEE0075E04A /* Sources */ = {
			isa = PBXSourcesBuildPhase;
			buildActionMask = 2147483647;
			files = (
				BC320D961BB66FEE0075E04A /* __Tests.m in Sources */,
			);
			runOnlyForDeploymentPostprocessing = 0;
		};
/* End PBXSourcesBuildPhase section */

/* Begin PBXTargetDependency section */
		BC320D911BB66FEE0075E04A /* PBXTargetDependency */ = {
			isa = PBXTargetDependency;
			target = BC320D751BB66FEE0075E04A /* 刷新 */;
			targetProxy = BC320D901BB66FEE0075E04A /* PBXContainerItemProxy */;
		};
/* End PBXTargetDependency section */

/* Begin PBXVariantGroup section */
		BC320D831BB66FEE0075E04A /* Main.storyboard */ = {
			isa = PBXVariantGroup;
			children = (
				BC320D841BB66FEE0075E04A /* Base */,
			);
			name = Main.storyboard;
			sourceTree = "<group>";
		};
		BC320D881BB66FEE0075E04A /* LaunchScreen.xib */ = {
			isa = PBXVariantGroup;
			children = (
				BC320D891BB66FEE0075E04A /* Base */,
			);
			name = LaunchScreen.xib;
			sourceTree = "<group>";
		};
/* End PBXVariantGroup section */

/* Begin XCBuildConfiguration section */
		BC320D971BB66FEE0075E04A /* Debug */ = {
			isa = XCBuildConfiguration;
			buildSettings = {
				ALWAYS_SEARCH_USER_PATHS = NO;
				CLANG_CXX_LANGUAGE_STANDARD = "gnu++0x";
				CLANG_CXX_LIBRARY = "libc++";
				CLANG_ENABLE_MODULES = YES;
				CLANG_ENABLE_OBJC_ARC = YES;
				CLANG_WARN_BOOL_CONVERSION = YES;
				CLANG_WARN_CONSTANT_CONVERSION = YES;
				CLANG_WARN_DIRECT_OBJC_ISA_USAGE = YES_ERROR;
				CLANG_WARN_EMPTY_BODY = YES;
				CLANG_WARN_ENUM_CONVERSION = YES;
				CLANG_WARN_INT_CONVERSION = YES;
				CLANG_WARN_OBJC_ROOT_CLASS = YES_ERROR;
				CLANG_WARN_UNREACHABLE_CODE = YES;
				CLANG_WARN__DUPLICATE_METHOD_MATCH = YES;
				"CODE_SIGN_IDENTITY[sdk=iphoneos*]" = "iPhone Developer";
				COPY_PHASE_STRIP = NO;
				DEBUG_INFORMATION_FORMAT = "dwarf-with-dsym";
				ENABLE_STRICT_OBJC_MSGSEND = YES;
				GCC_C_LANGUAGE_STANDARD = gnu99;
				GCC_DYNAMIC_NO_PIC = NO;
				GCC_NO_COMMON_BLOCKS = YES;
				GCC_OPTIMIZATION_LEVEL = 0;
				GCC_PREPROCESSOR_DEFINITIONS = (
					"DEBUG=1",
					"$(inherited)",
				);
				GCC_SYMBOLS_PRIVATE_EXTERN = NO;
				GCC_WARN_64_TO_32_BIT_CONVERSION = YES;
				GCC_WARN_ABOUT_RETURN_TYPE = YES_ERROR;
				GCC_WARN_UNDECLARED_SELECTOR = YES;
				GCC_WARN_UNINITIALIZED_AUTOS = YES_AGGRESSIVE;
				GCC_WARN_UNUSED_FUNCTION = YES;
				GCC_WARN_UNUSED_VARIABLE = YES;
				IPHONEOS_DEPLOYMENT_TARGET = 8.4;
				MTL_ENABLE_DEBUG_INFO = YES;
				ONLY_ACTIVE_ARCH = YES;
				SDKROOT = iphoneos;
			};
			name = Debug;
		};
		BC320D981BB66FEE0075E04A /* Release */ = {
			isa = XCBuildConfiguration;
			buildSettings = {
				ALWAYS_SEARCH_USER_PATHS = NO;
				CLANG_CXX_LANGUAGE_STANDARD = "gnu++0x";
				CLANG_CXX_LIBRARY = "libc++";
				CLANG_ENABLE_MODULES = YES;
				CLANG_ENABLE_OBJC_ARC = YES;
				CLANG_WARN_BOOL_CONVERSION = YES;
				CLANG_WARN_CONSTANT_CONVERSION = YES;
				CLANG_WARN_DIRECT_OBJC_ISA_USAGE = YES_ERROR;
				CLANG_WARN_EMPTY_BODY = YES;
				CLANG_WARN_ENUM_CONVERSION = YES;
				CLANG_WARN_INT_CONVERSION = YES;
				CLANG_WARN_OBJC_ROOT_CLASS = YES_ERROR;
				CLANG_WARN_UNREACHABLE_CODE = YES;
				CLANG_WARN__DUPLICATE_METHOD_MATCH = YES;
				"CODE_SIGN_IDENTITY[sdk=iphoneos*]" = "iPhone Developer";
				COPY_PHASE_STRIP = NO;
				DEBUG_INFORMATION_FORMAT = "dwarf-with-dsym";
				ENABLE_NS_ASSERTIONS = NO;
				ENABLE_STRICT_OBJC_MSGSEND = YES;
				GCC_C_LANGUAGE_STANDARD = gnu99;
				GCC_NO_COMMON_BLOCKS = YES;
				GCC_WARN_64_TO_32_BIT_CONVERSION = YES;
				GCC_WARN_ABOUT_RETURN_TYPE = YES_ERROR;
				GCC_WARN_UNDECLARED_SELECTOR = YES;
				GCC_WARN_UNINITIALIZED_AUTOS = YES_AGGRESSIVE;
				GCC_WARN_UNUSED_FUNCTION = YES;
				GCC_WARN_UNUSED_VARIABLE = YES;
				IPHONEOS_DEPLOYMENT_TARGET = 8.4;
				MTL_ENABLE_DEBUG_INFO = NO;
				SDKROOT = iphoneos;
				VALIDATE_PRODUCT = YES;
			};
			name = Release;
		};
		BC320D9A1BB66FEE0075E04A /* Debug */ = {
			isa = XCBuildConfiguration;
			buildSettings = {
				ASSETCATALOG_COMPILER_APPICON_NAME = AppIcon;
				INFOPLIST_FILE = "刷新/Info.plist";
				LD_RUNPATH_SEARCH_PATHS = "$(inherited) @executable_path/Frameworks";
				PRODUCT_NAME = "$(TARGET_NAME)";
			};
			name = Debug;
		};
		BC320D9B1BB66FEE0075E04A /* Release */ = {
			isa = XCBuildConfiguration;
			buildSettings = {
				ASSETCATALOG_COMPILER_APPICON_NAME = AppIcon;
				INFOPLIST_FILE = "刷新/Info.plist";
				LD_RUNPATH_SEARCH_PATHS = "$(inherited) @executable_path/Frameworks";
				PRODUCT_NAME = "$(TARGET_NAME)";
			};
			name = Release;
		};
		BC320D9D1BB66FEE0075E04A /* Debug */ = {
			isa = XCBuildConfiguration;
			buildSettings = {
				BUNDLE_LOADER = "$(TEST_HOST)";
				FRAMEWORK_SEARCH_PATHS = (
					"$(SDKROOT)/Developer/Library/Frameworks",
					"$(inherited)",
				);
				GCC_PREPROCESSOR_DEFINITIONS = (
					"DEBUG=1",
					"$(inherited)",
				);
				INFOPLIST_FILE = "刷新Tests/Info.plist";
				LD_RUNPATH_SEARCH_PATHS = "$(inherited) @executable_path/Frameworks @loader_path/Frameworks";
				PRODUCT_NAME = "$(TARGET_NAME)";
				TEST_HOST = "$(BUILT_PRODUCTS_DIR)/刷新.app/刷新";
			};
			name = Debug;
		};
		BC320D9E1BB66FEE0075E04A /* Release */ = {
			isa = XCBuildConfiguration;
			buildSettings = {
				BUNDLE_LOADER = "$(TEST_HOST)";
				FRAMEWORK_SEARCH_PATHS = (
					"$(SDKROOT)/Developer/Library/Frameworks",
					"$(inherited)",
				);
				INFOPLIST_FILE = "刷新Tests/Info.plist";
				LD_RUNPATH_SEARCH_PATHS = "$(inherited) @executable_path/Frameworks @loader_path/Frameworks";
				PRODUCT_NAME = "$(TARGET_NAME)";
				TEST_HOST = "$(BUILT_PRODUCTS_DIR)/刷新.app/刷新";
			};
			name = Release;
		};
/* End XCBuildConfiguration section */

/* Begin XCConfigurationList section */
		BC320D711BB66FEE0075E04A /* Build configuration list for PBXProject "刷新" */ = {
			isa = XCConfigurationList;
			buildConfigurations = (
				BC320D971BB66FEE0075E04A /* Debug */,
				BC320D981BB66FEE0075E04A /* Release */,
			);
			defaultConfigurationIsVisible = 0;
			defaultConfigurationName = Release;
		};
		BC320D991BB66FEE0075E04A /* Build configuration list for PBXNativeTarget "刷新" */ = {
			isa = XCConfigurationList;
			buildConfigurations = (
				BC320D9A1BB66FEE0075E04A /* Debug */,
				BC320D9B1BB66FEE0075E04A /* Release */,
			);
			defaultConfigurationIsVisible = 0;
			defaultConfigurationName = Release;
		};
		BC320D9C1BB66FEE0075E04A /* Build configuration list for PBXNativeTarget "刷新Tests" */ = {
			isa = XCConfigurationList;
			buildConfigurations = (
				BC320D9D1BB66FEE0075E04A /* Debug */,
				BC320D9E1BB66FEE0075E04A /* Release */,
			);
			defaultConfigurationIsVisible = 0;
			defaultConfigurationName = Release;
		};
/* End XCConfigurationList section */
	};
	rootObject = BC320D6E1BB66FEE0075E04A /* Project object */;
}
